{
	"composefiles": {
		"linux-dotnet.yml": [
			{
				"name": "mariadb",
				"tag": "latest",
				"digest": "cdc553f0515a8d41264f0855120874e86761f7c69407b5cfbe49283dc195bea8",
				"service": "mariadb"
			},
			{
				"name": "mongo",
				"tag": "latest",
				"digest": "7722bd2778a299b6f4a62b93a0d2741c734ba7332a090131030ca28261a9a198",
				"service": "mongodb"
			},
			{
				"name": "mcr.microsoft.com/mssql/server",
				"tag": "2022-latest",
				"digest": "8ca3956bcb1f3373e5b04f946a527abb24c07655c2044bd5c9c8852d02fbec7c",
				"service": "mssql"
			},
            {
                "name": "postgres",
                "tag": "15",
                "digest": "fe45ed1a824b81c0c9c605890963b67501758ca8c946db89089c85ce0f88e974",
                "service": "postgres"
            },
			{
				"name": "rabbitmq",
				"tag": "latest",
				"digest": "1fc999fbdd8054b0c34c285901474f136792ad4a42d39186f3793ac40de04dba",
				"service": "rabbitmq"
			},
			{
				"name": "redis",
				"tag": "latest",
				"digest": "0f724af268d0d3f5fb1d6b33fc22127ba5cbca2d58523b286ed3122db0dc5381",
				"service": "redis"
			}
		]
	}
}
